
Microsoft Visual Studio Solution File, Format Version 12.00
# Visual Studio Version 17
VisualStudioVersion = 17.12.35527.113 d17.12
MinimumVisualStudioVersion = 10.0.40219.1
Project("{FAE04EC0-301F-11D3-BF4B-00C04F79EFBC}") = "HyperML-netcore", "HyperML-netcore\HyperML-netcore.csproj", "{EFDCB005-05BA-4DEB-9C36-4DFD37456995}"
EndProject
Global
	GlobalSection(SolutionConfigurationPlatforms) = preSolution
		Debug|Any CPU = Debug|Any CPU
		Release|Any CPU = Release|Any CPU
	EndGlobalSection
	GlobalSection(ProjectConfigurationPlatforms) = postSolution
		{EFDCB005-05BA-4DEB-9C36-4DFD37456995}.Debug|Any CPU.ActiveCfg = Debug|Any CPU
		{EFDCB005-05BA-4DEB-9C36-4DFD37456995}.Debug|Any CPU.Build.0 = Debug|Any CPU
		{EFDCB005-05BA-4DEB-9C36-4DFD37456995}.Release|Any CPU.ActiveCfg = Release|Any CPU
		{EFDCB005-05BA-4DEB-9C36-4DFD37456995}.Release|Any CPU.Build.0 = Release|Any CPU
		{732938D9-DFFC-47BB-9A83-6215D6576A63}.Debug|Any CPU.ActiveCfg = Debug|Any CPU
		{732938D9-DFFC-47BB-9A83-6215D6576A63}.Debug|Any CPU.Build.0 = Debug|Any CPU
		{732938D9-DFFC-47BB-9A83-6215D6576A63}.Release|Any CPU.ActiveCfg = Release|Any CPU
		{732938D9-DFFC-47BB-9A83-6215D6576A63}.Release|Any CPU.Build.0 = Release|Any CPU
	EndGlobalSection
	GlobalSection(SolutionProperties) = preSolution
		HideSolutionNode = FALSE
	EndGlobalSection
EndGlobal
